
Microsoft Visual Studio Solution File, Format Version 12.00
# Visual Studio 15
VisualStudioVersion = 15.0.28010.2041
MinimumVisualStudioVersion = 10.0.40219.1
Project("{FAE04EC0-301F-11D3-BF4B-00C04F79EFBC}") = "lab4", "lab4\lab4.csproj", "{777E12E7-FB81-4C5F-914E-B32C83F692C1}"
EndProject
Global
	GlobalSection(SolutionConfigurationPlatforms) = preSolution
		Debug|Any CPU = Debug|Any CPU
		Release|Any CPU = Release|Any CPU
	EndGlobalSection
	GlobalSection(ProjectConfigurationPlatforms) = postSolution
		{777E12E7-FB81-4C5F-914E-B32C83F692C1}.Debug|Any CPU.ActiveCfg = Debug|Any CPU
		{777E12E7-FB81-4C5F-914E-B32C83F692C1}.Debug|Any CPU.Build.0 = Debug|Any CPU
		{777E12E7-FB81-4C5F-914E-B32C83F692C1}.Release|Any CPU.ActiveCfg = Release|Any CPU
		{777E12E7-FB81-4C5F-914E-B32C83F692C1}.Release|Any CPU.Build.0 = Release|Any CPU
	EndGlobalSection
	GlobalSection(SolutionProperties) = preSolution
		HideSolutionNode = FALSE
	EndGlobalSection
	GlobalSection(ExtensibilityGlobals) = postSolution
		SolutionGuid = {AC92BDEC-E7AC-454A-8321-75A4CCE441A1}
	EndGlobalSection
EndGlobal
